
Microsoft Visual Studio Solution File, Format Version 12.00
# Visual Studio Version 16
VisualStudioVersion = 16.0.30711.63
MinimumVisualStudioVersion = 10.0.40219.1
Project("{FAE04EC0-301F-11D3-BF4B-00C04F79EFBC}") = "SNMPForm", "SNMPForm.csproj", "{9421C666-C508-4275-840E-61E152F6DBB3}"
EndProject
Global
	GlobalSection(SolutionConfigurationPlatforms) = preSolution
		Debug|Any CPU = Debug|Any CPU
		Release|Any CPU = Release|Any CPU
	EndGlobalSection
	GlobalSection(ProjectConfigurationPlatforms) = postSolution
		{9421C666-C508-4275-840E-61E152F6DBB3}.Debug|Any CPU.ActiveCfg = Debug|Any CPU
		{9421C666-C508-4275-840E-61E152F6DBB3}.Debug|Any CPU.Build.0 = Debug|Any CPU
		{9421C666-C508-4275-840E-61E152F6DBB3}.Release|Any CPU.ActiveCfg = Release|Any CPU
		{9421C666-C508-4275-840E-61E152F6DBB3}.Release|Any CPU.Build.0 = Release|Any CPU
	EndGlobalSection
	GlobalSection(SolutionProperties) = preSolution
		HideSolutionNode = FALSE
	EndGlobalSection
	GlobalSection(ExtensibilityGlobals) = postSolution
		SolutionGuid = {6B3455DD-6B3C-4D73-908E-2DC655E5A648}
	EndGlobalSection
EndGlobal
